// !$*UTF8*$!
{
	archiveVersion = 1;
	classes = {
	};
	objectVersion = 50;
	objects = {

/* Begin PBXBuildFile section */
		AC5FD978261BBD750028AFB8 /* UIKit_In_SwiftUIApp.swift in Sources */ = {isa = PBXBuildFile; fileRef = AC5FD977261BBD750028AFB8 /* UIKit_In_SwiftUIApp.swift */; };
		AC5FD97A261BBD750028AFB8 /* ContentView.swift in Sources */ = {isa = PBXBuildFile; fileRef = AC5FD979261BBD750028AFB8 /* ContentView.swift */; };
		AC5FD97C261BBD760028AFB8 /* Assets.xcassets in Resources */ = {isa = PBXBuildFile; fileRef = AC5FD97B261BBD760028AFB8 /* Assets.xcassets */; };
		AC5FD97F261BBD760028AFB8 /* Preview Assets.xcassets in Resources */ = {isa = PBXBuildFile; fileRef = AC5FD97E261BBD760028AFB8 /* Preview Assets.xcassets */; };
		AC5FD989261BBDB30028AFB8 /* MyMapView.swift in Sources */ = {isa = PBXBuildFile; fileRef = AC5FD988261BBDB30028AFB8 /* MyMapView.swift */; };
		AC5FD98D261BC9810028AFB8 /* MyTextView.swift in Sources */ = {isa = PBXBuildFile; fileRef = AC5FD98C261BC9810028AFB8 /* MyTextView.swift */; };
/* End PBXBuildFile section */

/* Begin PBXFileReference section */
		AC5FD974261BBD750028AFB8 /* UIKit In SwiftUI.app */ = {isa = PBXFileReference; explicitFileType = wrapper.application; includeInIndex = 0; path = "UIKit In SwiftUI.app"; sourceTree = BUILT_PRODUCTS_DIR; };
		AC5FD977261BBD750028AFB8 /* UIKit_In_SwiftUIApp.swift */ = {isa = PBXFileReference; lastKnownFileType = sourcecode.swift; path = UIKit_In_SwiftUIApp.swift; sourceTree = "<group>"; };
		AC5FD979261BBD750028AFB8 /* ContentView.swift */ = {isa = PBXFileReference; lastKnownFileType = sourcecode.swift; path = ContentView.swift; sourceTree = "<group>"; };
		AC5FD97B261BBD760028AFB8 /* Assets.xcassets */ = {isa = PBXFileReference; lastKnownFileType = folder.assetcatalog; path = Assets.xcassets; sourceTree = "<group>"; };
		AC5FD97E261BBD760028AFB8 /* Preview Assets.xcassets */ = {isa = PBXFileReference; lastKnownFileType = folder.assetcatalog; path = "Preview Assets.xcassets"; sourceTree = "<group>"; };
		AC5FD980261BBD760028AFB8 /* Info.plist */ = {isa = PBXFileReference; lastKnownFileType = text.plist.xml; path = Info.plist; sourceTree = "<group>"; };
		AC5FD988261BBDB30028AFB8 /* MyMapView.swift */ = {isa = PBXFileReference; lastKnownFileType = sourcecode.swift; path = MyMapView.swift; sourceTree = "<group>"; };
		AC5FD98C261BC9810028AFB8 /* MyTextView.swift */ = {isa = PBXFileReference; lastKnownFileType = sourcecode.swift; path = MyTextView.swift; sourceTree = "<group>"; };
/* End PBXFileReference section */

/* Begin PBXFrameworksBuildPhase section */
		AC5FD971261BBD750028AFB8 /* Frameworks */ = {
			isa = PBXFrameworksBuildPhase;
			buildActionMask = 2147483647;
			files = (
			);
			runOnlyForDeploymentPostprocessing = 0;
		};
/* End PBXFrameworksBuildPhase section */

/* Begin PBXGroup section */
		AC5FD96B261BBD750028AFB8 = {
			isa = PBXGroup;
			children = (
				AC5FD976261BBD750028AFB8 /* UIKit In SwiftUI */,
				AC5FD975261BBD750028AFB8 /* Products */,
			);
			sourceTree = "<group>";
		};
		AC5FD975261BBD750028AFB8 /* Products */ = {
			isa = PBXGroup;
			children = (
				AC5FD974261BBD750028AFB8 /* UIKit In SwiftUI.app */,
			);
			name = Products;
			sourceTree = "<group>";
		};
		AC5FD976261BBD750028AFB8 /* UIKit In SwiftUI */ = {
			isa = PBXGroup;
			children = (
				AC5FD977261BBD750028AFB8 /* UIKit_In_SwiftUIApp.swift */,
				AC5FD987261BBD9A0028AFB8 /* Views */,
				AC5FD979261BBD750028AFB8 /* ContentView.swift */,
				AC5FD97B261BBD760028AFB8 /* Assets.xcassets */,
				AC5FD980261BBD760028AFB8 /* Info.plist */,
				AC5FD97D261BBD760028AFB8 /* Preview Content */,
			);
			path = "UIKit In SwiftUI";
			sourceTree = "<group>";
		};
		AC5FD97D261BBD760028AFB8 /* Preview Content */ = {
			isa = PBXGroup;
			children = (
				AC5FD97E261BBD760028AFB8 /* Preview Assets.xcassets */,
			);
			path = "Preview Content";
			sourceTree = "<group>";
		};
		AC5FD987261BBD9A0028AFB8 /* Views */ = {
			isa = PBXGroup;
			children = (
				AC5FD988261BBDB30028AFB8 /* MyMapView.swift */,
				AC5FD98C261BC9810028AFB8 /* MyTextView.swift */,
			);
			path = Views;
			sourceTree = "<group>";
		};
/* End PBXGroup section */

/* Begin PBXNativeTarget section */
		AC5FD973261BBD750028AFB8 /* UIKit In SwiftUI */ = {
			isa = PBXNativeTarget;
			buildConfigurationList = AC5FD983261BBD760028AFB8 /* Build configuration list for PBXNativeTarget "UIKit In SwiftUI" */;
			buildPhases = (
				AC5FD970261BBD750028AFB8 /* Sources */,
				AC5FD971261BBD750028AFB8 /* Frameworks */,
				AC5FD972261BBD750028AFB8 /* Resources */,
			);
			buildRules = (
			);
			dependencies = (
			);
			name = "UIKit In SwiftUI";
			productName = "UIKit In SwiftUI";
			productReference = AC5FD974261BBD750028AFB8 /* UIKit In SwiftUI.app */;
			productType = "com.apple.product-type.application";
		};
/* End PBXNativeTarget section */

/* Begin PBXProject section */
		AC5FD96C261BBD750028AFB8 /* Project object */ = {
			isa = PBXProject;
			attributes = {
				LastSwiftUpdateCheck = 1240;
				LastUpgradeCheck = 1240;
				TargetAttributes = {
					AC5FD973261BBD750028AFB8 = {
						CreatedOnToolsVersion = 12.4;
					};
				};
			};
			buildConfigurationList = AC5FD96F261BBD750028AFB8 /* Build configuration list for PBXProject "UIKit In SwiftUI" */;
			compatibilityVersion = "Xcode 9.3";
			developmentRegion = en;
			hasScannedForEncodings = 0;
			knownRegions = (
				en,
				Base,
			);
			mainGroup = AC5FD96B261BBD750028AFB8;
			productRefGroup = AC5FD975261BBD750028AFB8 /* Products */;
			projectDirPath = "";
			projectRoot = "";
			targets = (
				AC5FD973261BBD750028AFB8 /* UIKit In SwiftUI */,
			);
		};
/* End PBXProject section */

/* Begin PBXResourcesBuildPhase section */
		AC5FD972261BBD750028AFB8 /* Resources */ = {
			isa = PBXResourcesBuildPhase;
			buildActionMask = 2147483647;
			files = (
				AC5FD97F261BBD760028AFB8 /* Preview Assets.xcassets in Resources */,
				AC5FD97C261BBD760028AFB8 /* Assets.xcassets in Resources */,
			);
			runOnlyForDeploymentPostprocessing = 0;
		};
/* End PBXResourcesBuildPhase section */

/* Begin PBXSourcesBuildPhase section */
		AC5FD970261BBD750028AFB8 /* Sources */ = {
			isa = PBXSourcesBuildPhase;
			buildActionMask = 2147483647;
			files = (
				AC5FD989261BBDB30028AFB8 /* MyMapView.swift in Sources */,
				AC5FD98D261BC9810028AFB8 /* MyTextView.swift in Sources */,
				AC5FD97A261BBD750028AFB8 /* ContentView.swift in Sources */,
				AC5FD978261BBD750028AFB8 /* UIKit_In_SwiftUIApp.swift in Sources */,
			);
			runOnlyForDeploymentPostprocessing = 0;
		};
/* End PBXSourcesBuildPhase section */

/* Begin XCBuildConfiguration section */
		AC5FD981261BBD760028AFB8 /* Debug */ = {
			isa = XCBuildConfiguration;
			buildSettings = {
				ALWAYS_SEARCH_USER_PATHS = NO;
				CLANG_ANALYZER_NONNULL = YES;
				CLANG_ANALYZER_NUMBER_OBJECT_CONVERSION = YES_AGGRESSIVE;
				CLANG_CXX_LANGUAGE_STANDARD = "gnu++14";
				CLANG_CXX_LIBRARY = "libc++";
				CLANG_ENABLE_MODULES = YES;
				CLANG_ENABLE_OBJC_ARC = YES;
				CLANG_ENABLE_OBJC_WEAK = YES;
				CLANG_WARN_BLOCK_CAPTURE_AUTORELEASING = YES;
				CLANG_WARN_BOOL_CONVERSION = YES;
				CLANG_WARN_COMMA = YES;
				CLANG_WARN_CONSTANT_CONVERSION = YES;
				CLANG_WARN_DEPRECATED_OBJC_IMPLEMENTATIONS = YES;
				CLANG_WARN_DIRECT_OBJC_ISA_USAGE = YES_ERROR;
				CLANG_WARN_DOCUMENTATION_COMMENTS = YES;
				CLANG_WARN_EMPTY_BODY = YES;
				CLANG_WARN_ENUM_CONVERSION = YES;
				CLANG_WARN_INFINITE_RECURSION = YES;
				CLANG_WARN_INT_CONVERSION = YES;
				CLANG_WARN_NON_LITERAL_NULL_CONVERSION = YES;
				CLANG_WARN_OBJC_IMPLICIT_RETAIN_SELF = YES;
				CLANG_WARN_OBJC_LITERAL_CONVERSION = YES;
				CLANG_WARN_OBJC_ROOT_CLASS = YES_ERROR;
				CLANG_WARN_QUOTED_INCLUDE_IN_FRAMEWORK_HEADER = YES;
				CLANG_WARN_RANGE_LOOP_ANALYSIS = YES;
				CLANG_WARN_STRICT_PROTOTYPES = YES;
				CLANG_WARN_SUSPICIOUS_MOVE = YES;
				CLANG_WARN_UNGUARDED_AVAILABILITY = YES_AGGRESSIVE;
				CLANG_WARN_UNREACHABLE_CODE = YES;
				CLANG_WARN__DUPLICATE_METHOD_MATCH = YES;
				COPY_PHASE_STRIP = NO;
				DEBUG_INFORMATION_FORMAT = dwarf;
				ENABLE_STRICT_OBJC_MSGSEND = YES;
				ENABLE_TESTABILITY = YES;
				GCC_C_LANGUAGE_STANDARD = gnu11;
				GCC_DYNAMIC_NO_PIC = NO;
				GCC_NO_COMMON_BLOCKS = YES;
				GCC_OPTIMIZATION_LEVEL = 0;
				GCC_PREPROCESSOR_DEFINITIONS = (
					"DEBUG=1",
					"$(inherited)",
				);
				GCC_WARN_64_TO_32_BIT_CONVERSION = YES;
				GCC_WARN_ABOUT_RETURN_TYPE = YES_ERROR;
				GCC_WARN_UNDECLARED_SELECTOR = YES;
				GCC_WARN_UNINITIALIZED_AUTOS = YES_AGGRESSIVE;
				GCC_WARN_UNUSED_FUNCTION = YES;
				GCC_WARN_UNUSED_VARIABLE = YES;
				IPHONEOS_DEPLOYMENT_TARGET = 14.4;
				MTL_ENABLE_DEBUG_INFO = INCLUDE_SOURCE;
				MTL_FAST_MATH = YES;
				ONLY_ACTIVE_ARCH = YES;
				SDKROOT = iphoneos;
				SWIFT_ACTIVE_COMPILATION_CONDITIONS = DEBUG;
				SWIFT_OPTIMIZATION_LEVEL = "-Onone";
			};
			name = Debug;
		};
		AC5FD982261BBD760028AFB8 /* Release */ = {
			isa = XCBuildConfiguration;
			buildSettings = {
				ALWAYS_SEARCH_USER_PATHS = NO;
				CLANG_ANALYZER_NONNULL = YES;
				CLANG_ANALYZER_NUMBER_OBJECT_CONVERSION = YES_AGGRESSIVE;
				CLANG_CXX_LANGUAGE_STANDARD = "gnu++14";
				CLANG_CXX_LIBRARY = "libc++";
				CLANG_ENABLE_MODULES = YES;
				CLANG_ENABLE_OBJC_ARC = YES;
				CLANG_ENABLE_OBJC_WEAK = YES;
				CLANG_WARN_BLOCK_CAPTURE_AUTORELEASING = YES;
				CLANG_WARN_BOOL_CONVERSION = YES;
				CLANG_WARN_COMMA = YES;
				CLANG_WARN_CONSTANT_CONVERSION = YES;
				CLANG_WARN_DEPRECATED_OBJC_IMPLEMENTATIONS = YES;
				CLANG_WARN_DIRECT_OBJC_ISA_USAGE = YES_ERROR;
				CLANG_WARN_DOCUMENTATION_COMMENTS = YES;
				CLANG_WARN_EMPTY_BODY = YES;
				CLANG_WARN_ENUM_CONVERSION = YES;
				CLANG_WARN_INFINITE_RECURSION = YES;
				CLANG_WARN_INT_CONVERSION = YES;
				CLANG_WARN_NON_LITERAL_NULL_CONVERSION = YES;
				CLANG_WARN_OBJC_IMPLICIT_RETAIN_SELF = YES;
				CLANG_WARN_OBJC_LITERAL_CONVERSION = YES;
				CLANG_WARN_OBJC_ROOT_CLASS = YES_ERROR;
				CLANG_WARN_QUOTED_INCLUDE_IN_FRAMEWORK_HEADER = YES;
				CLANG_WARN_RANGE_LOOP_ANALYSIS = YES;
				CLANG_WARN_STRICT_PROTOTYPES = YES;
				CLANG_WARN_SUSPICIOUS_MOVE = YES;
				CLANG_WARN_UNGUARDED_AVAILABILITY = YES_AGGRESSIVE;
				CLANG_WARN_UNREACHABLE_CODE = YES;
				CLANG_WARN__DUPLICATE_METHOD_MATCH = YES;
				COPY_PHASE_STRIP = NO;
				DEBUG_INFORMATION_FORMAT = "dwarf-with-dsym";
				ENABLE_NS_ASSERTIONS = NO;
				ENABLE_STRICT_OBJC_MSGSEND = YES;
				GCC_C_LANGUAGE_STANDARD = gnu11;
				GCC_NO_COMMON_BLOCKS = YES;
				GCC_WARN_64_TO_32_BIT_CONVERSION = YES;
				GCC_WARN_ABOUT_RETURN_TYPE = YES_ERROR;
				GCC_WARN_UNDECLARED_SELECTOR = YES;
				GCC_WARN_UNINITIALIZED_AUTOS = YES_AGGRESSIVE;
				GCC_WARN_UNUSED_FUNCTION = YES;
				GCC_WARN_UNUSED_VARIABLE = YES;
				IPHONEOS_DEPLOYMENT_TARGET = 14.4;
				MTL_ENABLE_DEBUG_INFO = NO;
				MTL_FAST_MATH = YES;
				SDKROOT = iphoneos;
				SWIFT_COMPILATION_MODE = wholemodule;
				SWIFT_OPTIMIZATION_LEVEL = "-O";
				VALIDATE_PRODUCT = YES;
			};
			name = Release;
		};
		AC5FD984261BBD760028AFB8 /* Debug */ = {
			isa = XCBuildConfiguration;
			buildSettings = {
				ASSETCATALOG_COMPILER_APPICON_NAME = AppIcon;
				ASSETCATALOG_COMPILER_GLOBAL_ACCENT_COLOR_NAME = AccentColor;
				CODE_SIGN_STYLE = Automatic;
				DEVELOPMENT_ASSET_PATHS = "\"UIKit In SwiftUI/Preview Content\"";
				DEVELOPMENT_TEAM = G6J4RFMLHY;
				ENABLE_PREVIEWS = YES;
				INFOPLIST_FILE = "UIKit In SwiftUI/Info.plist";
				IPHONEOS_DEPLOYMENT_TARGET = 14.0;
				LD_RUNPATH_SEARCH_PATHS = (
					"$(inherited)",
					"@executable_path/Frameworks",
				);
				PRODUCT_BUNDLE_IDENTIFIER = "com.frederickjavalera.UIKit-In-SwiftUI";
				PRODUCT_NAME = "$(TARGET_NAME)";
				SWIFT_VERSION = 5.0;
				TARGETED_DEVICE_FAMILY = "1,2";
			};
			name = Debug;
		};
		AC5FD985261BBD760028AFB8 /* Release */ = {
			isa = XCBuildConfiguration;
			buildSettings = {
				ASSETCATALOG_COMPILER_APPICON_NAME = AppIcon;
				ASSETCATALOG_COMPILER_GLOBAL_ACCENT_COLOR_NAME = AccentColor;
				CODE_SIGN_STYLE = Automatic;
				DEVELOPMENT_ASSET_PATHS = "\"UIKit In SwiftUI/Preview Content\"";
				DEVELOPMENT_TEAM = G6J4RFMLHY;
				ENABLE_PREVIEWS = YES;
				INFOPLIST_FILE = "UIKit In SwiftUI/Info.plist";
				IPHONEOS_DEPLOYMENT_TARGET = 14.0;
				LD_RUNPATH_SEARCH_PATHS = (
					"$(inherited)",
					"@executable_path/Frameworks",
				);
				PRODUCT_BUNDLE_IDENTIFIER = "com.frederickjavalera.UIKit-In-SwiftUI";
				PRODUCT_NAME = "$(TARGET_NAME)";
				SWIFT_VERSION = 5.0;
				TARGETED_DEVICE_FAMILY = "1,2";
			};
			name = Release;
		};
/* End XCBuildConfiguration section */

/* Begin XCConfigurationList section */
		AC5FD96F261BBD750028AFB8 /* Build configuration list for PBXProject "UIKit In SwiftUI" */ = {
			isa = XCConfigurationList;
			buildConfigurations = (
				AC5FD981261BBD760028AFB8 /* Debug */,
				AC5FD982261BBD760028AFB8 /* Release */,
			);
			defaultConfigurationIsVisible = 0;
			defaultConfigurationName = Release;
		};
		AC5FD983261BBD760028AFB8 /* Build configuration list for PBXNativeTarget "UIKit In SwiftUI" */ = {
			isa = XCConfigurationList;
			buildConfigurations = (
				AC5FD984261BBD760028AFB8 /* Debug */,
				AC5FD985261BBD760028AFB8 /* Release */,
			);
			defaultConfigurationIsVisible = 0;
			defaultConfigurationName = Release;
		};
/* End XCConfigurationList section */
	};
	rootObject = AC5FD96C261BBD750028AFB8 /* Project object */;
}
